// !$*UTF8*$!
{
	archiveVersion = 1;
	classes = {
	};
	objectVersion = 46;
	objects = {

/* Begin PBXBuildFile section */
		B548C24E190C7FD700E2427A /* _MVM_Character.m in Sources */ = {isa = PBXBuildFile; fileRef = B548C223190C7FD700E2427A /* _MVM_Character.m */; };
		B548C24F190C7FD700E2427A /* _MVM_Comic.m in Sources */ = {isa = PBXBuildFile; fileRef = B548C225190C7FD700E2427A /* _MVM_Comic.m */; };
		B548C250190C7FD700E2427A /* _MVM_ComicPrice.m in Sources */ = {isa = PBXBuildFile; fileRef = B548C227190C7FD700E2427A /* _MVM_ComicPrice.m */; };
		B548C251190C7FD700E2427A /* _MVM_ComicText.m in Sources */ = {isa = PBXBuildFile; fileRef = B548C229190C7FD700E2427A /* _MVM_ComicText.m */; };
		B548C252190C7FD700E2427A /* _MVM_Creator.m in Sources */ = {isa = PBXBuildFile; fileRef = B548C22B190C7FD700E2427A /* _MVM_Creator.m */; };
		B548C253190C7FD700E2427A /* _MVM_Event.m in Sources */ = {isa = PBXBuildFile; fileRef = B548C22D190C7FD700E2427A /* _MVM_Event.m */; };
		B548C254190C7FD700E2427A /* _MVM_Image.m in Sources */ = {isa = PBXBuildFile; fileRef = B548C22F190C7FD700E2427A /* _MVM_Image.m */; };
		B548C255190C7FD700E2427A /* _MVM_Series.m in Sources */ = {isa = PBXBuildFile; fileRef = B548C231190C7FD700E2427A /* _MVM_Series.m */; };
		B548C256190C7FD700E2427A /* _MVM_Story.m in Sources */ = {isa = PBXBuildFile; fileRef = B548C233190C7FD700E2427A /* _MVM_Story.m */; };
		B548C257190C7FD700E2427A /* _MVM_URL.m in Sources */ = {isa = PBXBuildFile; fileRef = B548C235190C7FD700E2427A /* _MVM_URL.m */; };
		B548C258190C7FD700E2427A /* MarveliOS.xcdatamodeld in Sources */ = {isa = PBXBuildFile; fileRef = B548C236190C7FD700E2427A /* MarveliOS.xcdatamodeld */; };
		B548C259190C7FD700E2427A /* MVM_Character.m in Sources */ = {isa = PBXBuildFile; fileRef = B548C239190C7FD700E2427A /* MVM_Character.m */; };
		B548C25A190C7FD700E2427A /* MVM_Comic.m in Sources */ = {isa = PBXBuildFile; fileRef = B548C23B190C7FD700E2427A /* MVM_Comic.m */; };
		B548C25B190C7FD700E2427A /* MVM_ComicPrice.m in Sources */ = {isa = PBXBuildFile; fileRef = B548C23D190C7FD700E2427A /* MVM_ComicPrice.m */; };
		B548C25C190C7FD700E2427A /* MVM_ComicText.m in Sources */ = {isa = PBXBuildFile; fileRef = B548C23F190C7FD700E2427A /* MVM_ComicText.m */; };
		B548C25D190C7FD700E2427A /* MVM_Creator.m in Sources */ = {isa = PBXBuildFile; fileRef = B548C241190C7FD700E2427A /* MVM_Creator.m */; };
		B548C25E190C7FD700E2427A /* MVM_Event.m in Sources */ = {isa = PBXBuildFile; fileRef = B548C243190C7FD700E2427A /* MVM_Event.m */; };
		B548C25F190C7FD700E2427A /* MVM_Image.m in Sources */ = {isa = PBXBuildFile; fileRef = B548C245190C7FD700E2427A /* MVM_Image.m */; };
		B548C260190C7FD700E2427A /* MVM_Object.m in Sources */ = {isa = PBXBuildFile; fileRef = B548C247190C7FD700E2427A /* MVM_Object.m */; };
		B548C261190C7FD700E2427A /* MVM_Series.m in Sources */ = {isa = PBXBuildFile; fileRef = B548C249190C7FD700E2427A /* MVM_Series.m */; };
		B548C262190C7FD700E2427A /* MVM_Story.m in Sources */ = {isa = PBXBuildFile; fileRef = B548C24B190C7FD700E2427A /* MVM_Story.m */; };
		B548C263190C7FD700E2427A /* MVM_URL.m in Sources */ = {isa = PBXBuildFile; fileRef = B548C24D190C7FD700E2427A /* MVM_URL.m */; };
		B548C266190C805800E2427A /* MV_Store.m in Sources */ = {isa = PBXBuildFile; fileRef = B548C265190C805800E2427A /* MV_Store.m */; };
		B548C268190C834300E2427A /* CoreData.framework in Frameworks */ = {isa = PBXBuildFile; fileRef = B548C267190C834300E2427A /* CoreData.framework */; };
		B548C26B190C8BA600E2427A /* NSManagedObjectContext+MV_.m in Sources */ = {isa = PBXBuildFile; fileRef = B548C26A190C8BA600E2427A /* NSManagedObjectContext+MV_.m */; };
		B596E9B2190BBDB5006619D6 /* Foundation.framework in Frameworks */ = {isa = PBXBuildFile; fileRef = B596E9B1190BBDB5006619D6 /* Foundation.framework */; };
		B596E9B4190BBDB5006619D6 /* CoreGraphics.framework in Frameworks */ = {isa = PBXBuildFile; fileRef = B596E9B3190BBDB5006619D6 /* CoreGraphics.framework */; };
		B596E9B6190BBDB5006619D6 /* UIKit.framework in Frameworks */ = {isa = PBXBuildFile; fileRef = B596E9B5190BBDB5006619D6 /* UIKit.framework */; };
		B596E9BC190BBDB5006619D6 /* InfoPlist.strings in Resources */ = {isa = PBXBuildFile; fileRef = B596E9BA190BBDB5006619D6 /* InfoPlist.strings */; };
		B596E9BE190BBDB5006619D6 /* main.m in Sources */ = {isa = PBXBuildFile; fileRef = B596E9BD190BBDB5006619D6 /* main.m */; };
		B596E9C2190BBDB5006619D6 /* MV_AppDelegate.m in Sources */ = {isa = PBXBuildFile; fileRef = B596E9C1190BBDB5006619D6 /* MV_AppDelegate.m */; };
		B596E9C4190BBDB5006619D6 /* Images.xcassets in Resources */ = {isa = PBXBuildFile; fileRef = B596E9C3190BBDB5006619D6 /* Images.xcassets */; };
		B596E9CB190BBDB5006619D6 /* XCTest.framework in Frameworks */ = {isa = PBXBuildFile; fileRef = B596E9CA190BBDB5006619D6 /* XCTest.framework */; };
		B596E9CC190BBDB5006619D6 /* Foundation.framework in Frameworks */ = {isa = PBXBuildFile; fileRef = B596E9B1190BBDB5006619D6 /* Foundation.framework */; };
		B596E9CD190BBDB5006619D6 /* UIKit.framework in Frameworks */ = {isa = PBXBuildFile; fileRef = B596E9B5190BBDB5006619D6 /* UIKit.framework */; };
		B596E9D5190BBDB5006619D6 /* InfoPlist.strings in Resources */ = {isa = PBXBuildFile; fileRef = B596E9D3190BBDB5006619D6 /* InfoPlist.strings */; };
		B596E9D7190BBDB5006619D6 /* MarveliOSTests.m in Sources */ = {isa = PBXBuildFile; fileRef = B596E9D6190BBDB5006619D6 /* MarveliOSTests.m */; };
		B596E9E2190BBE07006619D6 /* MV_DownloadManager.m in Sources */ = {isa = PBXBuildFile; fileRef = B596E9E1190BBE07006619D6 /* MV_DownloadManager.m */; };
		B596E9E6190BDA5D006619D6 /* MV_Utilities.m in Sources */ = {isa = PBXBuildFile; fileRef = B596E9E5190BDA5D006619D6 /* MV_Utilities.m */; };
		B5A8C280190BF19A009EAA89 /* MV_ServerQuery.m in Sources */ = {isa = PBXBuildFile; fileRef = B5A8C27F190BF19A009EAA89 /* MV_ServerQuery.m */; };
		B5A8C284190C14EB009EAA89 /* MV_ServerQuery+FrequentQueries.m in Sources */ = {isa = PBXBuildFile; fileRef = B5A8C283190C14EB009EAA89 /* MV_ServerQuery+FrequentQueries.m */; };
/* End PBXBuildFile section */

/* Begin PBXContainerItemProxy section */
		B596E9CE190BBDB5006619D6 /* PBXContainerItemProxy */ = {
			isa = PBXContainerItemProxy;
			containerPortal = B596E9A6190BBDB5006619D6 /* Project object */;
			proxyType = 1;
			remoteGlobalIDString = B596E9AD190BBDB5006619D6;
			remoteInfo = MarveliOS;
		};
/* End PBXContainerItemProxy section */

/* Begin PBXFileReference section */
		B548C222190C7FD700E2427A /* _MVM_Character.h */ = {isa = PBXFileReference; fileEncoding = 4; lastKnownFileType = sourcecode.c.h; path = _MVM_Character.h; sourceTree = "<group>"; };
		B548C223190C7FD700E2427A /* _MVM_Character.m */ = {isa = PBXFileReference; fileEncoding = 4; lastKnownFileType = sourcecode.c.objc; path = _MVM_Character.m; sourceTree = "<group>"; };
		B548C224190C7FD700E2427A /* _MVM_Comic.h */ = {isa = PBXFileReference; fileEncoding = 4; lastKnownFileType = sourcecode.c.h; path = _MVM_Comic.h; sourceTree = "<group>"; };
		B548C225190C7FD700E2427A /* _MVM_Comic.m */ = {isa = PBXFileReference; fileEncoding = 4; lastKnownFileType = sourcecode.c.objc; path = _MVM_Comic.m; sourceTree = "<group>"; };
		B548C226190C7FD700E2427A /* _MVM_ComicPrice.h */ = {isa = PBXFileReference; fileEncoding = 4; lastKnownFileType = sourcecode.c.h; path = _MVM_ComicPrice.h; sourceTree = "<group>"; };
		B548C227190C7FD700E2427A /* _MVM_ComicPrice.m */ = {isa = PBXFileReference; fileEncoding = 4; lastKnownFileType = sourcecode.c.objc; path = _MVM_ComicPrice.m; sourceTree = "<group>"; };
		B548C228190C7FD700E2427A /* _MVM_ComicText.h */ = {isa = PBXFileReference; fileEncoding = 4; lastKnownFileType = sourcecode.c.h; path = _MVM_ComicText.h; sourceTree = "<group>"; };
		B548C229190C7FD700E2427A /* _MVM_ComicText.m */ = {isa = PBXFileReference; fileEncoding = 4; lastKnownFileType = sourcecode.c.objc; path = _MVM_ComicText.m; sourceTree = "<group>"; };
		B548C22A190C7FD700E2427A /* _MVM_Creator.h */ = {isa = PBXFileReference; fileEncoding = 4; lastKnownFileType = sourcecode.c.h; path = _MVM_Creator.h; sourceTree = "<group>"; };
		B548C22B190C7FD700E2427A /* _MVM_Creator.m */ = {isa = PBXFileReference; fileEncoding = 4; lastKnownFileType = sourcecode.c.objc; path = _MVM_Creator.m; sourceTree = "<group>"; };
		B548C22C190C7FD700E2427A /* _MVM_Event.h */ = {isa = PBXFileReference; fileEncoding = 4; lastKnownFileType = sourcecode.c.h; path = _MVM_Event.h; sourceTree = "<group>"; };
		B548C22D190C7FD700E2427A /* _MVM_Event.m */ = {isa = PBXFileReference; fileEncoding = 4; lastKnownFileType = sourcecode.c.objc; path = _MVM_Event.m; sourceTree = "<group>"; };
		B548C22E190C7FD700E2427A /* _MVM_Image.h */ = {isa = PBXFileReference; fileEncoding = 4; lastKnownFileType = sourcecode.c.h; path = _MVM_Image.h; sourceTree = "<group>"; };
		B548C22F190C7FD700E2427A /* _MVM_Image.m */ = {isa = PBXFileReference; fileEncoding = 4; lastKnownFileType = sourcecode.c.objc; path = _MVM_Image.m; sourceTree = "<group>"; };
		B548C230190C7FD700E2427A /* _MVM_Series.h */ = {isa = PBXFileReference; fileEncoding = 4; lastKnownFileType = sourcecode.c.h; path = _MVM_Series.h; sourceTree = "<group>"; };
		B548C231190C7FD700E2427A /* _MVM_Series.m */ = {isa = PBXFileReference; fileEncoding = 4; lastKnownFileType = sourcecode.c.objc; path = _MVM_Series.m; sourceTree = "<group>"; };
		B548C232190C7FD700E2427A /* _MVM_Story.h */ = {isa = PBXFileReference; fileEncoding = 4; lastKnownFileType = sourcecode.c.h; path = _MVM_Story.h; sourceTree = "<group>"; };
		B548C233190C7FD700E2427A /* _MVM_Story.m */ = {isa = PBXFileReference; fileEncoding = 4; lastKnownFileType = sourcecode.c.objc; path = _MVM_Story.m; sourceTree = "<group>"; };
		B548C234190C7FD700E2427A /* _MVM_URL.h */ = {isa = PBXFileReference; fileEncoding = 4; lastKnownFileType = sourcecode.c.h; path = _MVM_URL.h; sourceTree = "<group>"; };
		B548C235190C7FD700E2427A /* _MVM_URL.m */ = {isa = PBXFileReference; fileEncoding = 4; lastKnownFileType = sourcecode.c.objc; path = _MVM_URL.m; sourceTree = "<group>"; };
		B548C237190C7FD700E2427A /* MarveliOS.xcdatamodel */ = {isa = PBXFileReference; lastKnownFileType = wrapper.xcdatamodel; path = MarveliOS.xcdatamodel; sourceTree = "<group>"; };
		B548C238190C7FD700E2427A /* MVM_Character.h */ = {isa = PBXFileReference; fileEncoding = 4; lastKnownFileType = sourcecode.c.h; path = MVM_Character.h; sourceTree = "<group>"; };
		B548C239190C7FD700E2427A /* MVM_Character.m */ = {isa = PBXFileReference; fileEncoding = 4; lastKnownFileType = sourcecode.c.objc; path = MVM_Character.m; sourceTree = "<group>"; };
		B548C23A190C7FD700E2427A /* MVM_Comic.h */ = {isa = PBXFileReference; fileEncoding = 4; lastKnownFileType = sourcecode.c.h; path = MVM_Comic.h; sourceTree = "<group>"; };
		B548C23B190C7FD700E2427A /* MVM_Comic.m */ = {isa = PBXFileReference; fileEncoding = 4; lastKnownFileType = sourcecode.c.objc; path = MVM_Comic.m; sourceTree = "<group>"; };
		B548C23C190C7FD700E2427A /* MVM_ComicPrice.h */ = {isa = PBXFileReference; fileEncoding = 4; lastKnownFileType = sourcecode.c.h; path = MVM_ComicPrice.h; sourceTree = "<group>"; };
		B548C23D190C7FD700E2427A /* MVM_ComicPrice.m */ = {isa = PBXFileReference; fileEncoding = 4; lastKnownFileType = sourcecode.c.objc; path = MVM_ComicPrice.m; sourceTree = "<group>"; };
		B548C23E190C7FD700E2427A /* MVM_ComicText.h */ = {isa = PBXFileReference; fileEncoding = 4; lastKnownFileType = sourcecode.c.h; path = MVM_ComicText.h; sourceTree = "<group>"; };
		B548C23F190C7FD700E2427A /* MVM_ComicText.m */ = {isa = PBXFileReference; fileEncoding = 4; lastKnownFileType = sourcecode.c.objc; path = MVM_ComicText.m; sourceTree = "<group>"; };
		B548C240190C7FD700E2427A /* MVM_Creator.h */ = {isa = PBXFileReference; fileEncoding = 4; lastKnownFileType = sourcecode.c.h; path = MVM_Creator.h; sourceTree = "<group>"; };
		B548C241190C7FD700E2427A /* MVM_Creator.m */ = {isa = PBXFileReference; fileEncoding = 4; lastKnownFileType = sourcecode.c.objc; path = MVM_Creator.m; sourceTree = "<group>"; };
		B548C242190C7FD700E2427A /* MVM_Event.h */ = {isa = PBXFileReference; fileEncoding = 4; lastKnownFileType = sourcecode.c.h; path = MVM_Event.h; sourceTree = "<group>"; };
		B548C243190C7FD700E2427A /* MVM_Event.m */ = {isa = PBXFileReference; fileEncoding = 4; lastKnownFileType = sourcecode.c.objc; path = MVM_Event.m; sourceTree = "<group>"; };
		B548C244190C7FD700E2427A /* MVM_Image.h */ = {isa = PBXFileReference; fileEncoding = 4; lastKnownFileType = sourcecode.c.h; path = MVM_Image.h; sourceTree = "<group>"; };
		B548C245190C7FD700E2427A /* MVM_Image.m */ = {isa = PBXFileReference; fileEncoding = 4; lastKnownFileType = sourcecode.c.objc; path = MVM_Image.m; sourceTree = "<group>"; };
		B548C246190C7FD700E2427A /* MVM_Object.h */ = {isa = PBXFileReference; fileEncoding = 4; lastKnownFileType = sourcecode.c.h; path = MVM_Object.h; sourceTree = "<group>"; };
		B548C247190C7FD700E2427A /* MVM_Object.m */ = {isa = PBXFileReference; fileEncoding = 4; lastKnownFileType = sourcecode.c.objc; path = MVM_Object.m; sourceTree = "<group>"; };
		B548C248190C7FD700E2427A /* MVM_Series.h */ = {isa = PBXFileReference; fileEncoding = 4; lastKnownFileType = sourcecode.c.h; path = MVM_Series.h; sourceTree = "<group>"; };
		B548C249190C7FD700E2427A /* MVM_Series.m */ = {isa = PBXFileReference; fileEncoding = 4; lastKnownFileType = sourcecode.c.objc; path = MVM_Series.m; sourceTree = "<group>"; };
		B548C24A190C7FD700E2427A /* MVM_Story.h */ = {isa = PBXFileReference; fileEncoding = 4; lastKnownFileType = sourcecode.c.h; path = MVM_Story.h; sourceTree = "<group>"; };
		B548C24B190C7FD700E2427A /* MVM_Story.m */ = {isa = PBXFileReference; fileEncoding = 4; lastKnownFileType = sourcecode.c.objc; path = MVM_Story.m; sourceTree = "<group>"; };
		B548C24C190C7FD700E2427A /* MVM_URL.h */ = {isa = PBXFileReference; fileEncoding = 4; lastKnownFileType = sourcecode.c.h; path = MVM_URL.h; sourceTree = "<group>"; };
		B548C24D190C7FD700E2427A /* MVM_URL.m */ = {isa = PBXFileReference; fileEncoding = 4; lastKnownFileType = sourcecode.c.objc; path = MVM_URL.m; sourceTree = "<group>"; };
		B548C264190C805800E2427A /* MV_Store.h */ = {isa = PBXFileReference; fileEncoding = 4; lastKnownFileType = sourcecode.c.h; path = MV_Store.h; sourceTree = "<group>"; };
		B548C265190C805800E2427A /* MV_Store.m */ = {isa = PBXFileReference; fileEncoding = 4; lastKnownFileType = sourcecode.c.objc; path = MV_Store.m; sourceTree = "<group>"; };
		B548C267190C834300E2427A /* CoreData.framework */ = {isa = PBXFileReference; lastKnownFileType = wrapper.framework; name = CoreData.framework; path = System/Library/Frameworks/CoreData.framework; sourceTree = SDKROOT; };
		B548C269190C8BA600E2427A /* NSManagedObjectContext+MV_.h */ = {isa = PBXFileReference; fileEncoding = 4; lastKnownFileType = sourcecode.c.h; name = "NSManagedObjectContext+MV_.h"; path = "MarveliOS/Core/Categories/NSManagedObjectContext+MV_.h"; sourceTree = "<group>"; };
		B548C26A190C8BA600E2427A /* NSManagedObjectContext+MV_.m */ = {isa = PBXFileReference; fileEncoding = 4; lastKnownFileType = sourcecode.c.objc; name = "NSManagedObjectContext+MV_.m"; path = "MarveliOS/Core/Categories/NSManagedObjectContext+MV_.m"; sourceTree = "<group>"; };
		B596E9AE190BBDB5006619D6 /* MarveliOS.app */ = {isa = PBXFileReference; explicitFileType = wrapper.application; includeInIndex = 0; path = MarveliOS.app; sourceTree = BUILT_PRODUCTS_DIR; };
		B596E9B1190BBDB5006619D6 /* Foundation.framework */ = {isa = PBXFileReference; lastKnownFileType = wrapper.framework; name = Foundation.framework; path = System/Library/Frameworks/Foundation.framework; sourceTree = SDKROOT; };
		B596E9B3190BBDB5006619D6 /* CoreGraphics.framework */ = {isa = PBXFileReference; lastKnownFileType = wrapper.framework; name = CoreGraphics.framework; path = System/Library/Frameworks/CoreGraphics.framework; sourceTree = SDKROOT; };
		B596E9B5190BBDB5006619D6 /* UIKit.framework */ = {isa = PBXFileReference; lastKnownFileType = wrapper.framework; name = UIKit.framework; path = System/Library/Frameworks/UIKit.framework; sourceTree = SDKROOT; };
		B596E9B9190BBDB5006619D6 /* MarveliOS-Info.plist */ = {isa = PBXFileReference; lastKnownFileType = text.plist.xml; path = "MarveliOS-Info.plist"; sourceTree = "<group>"; };
		B596E9BB190BBDB5006619D6 /* en */ = {isa = PBXFileReference; lastKnownFileType = text.plist.strings; name = en; path = en.lproj/InfoPlist.strings; sourceTree = "<group>"; };
		B596E9BD190BBDB5006619D6 /* main.m */ = {isa = PBXFileReference; lastKnownFileType = sourcecode.c.objc; path = main.m; sourceTree = "<group>"; };
		B596E9BF190BBDB5006619D6 /* MarveliOS-Prefix.pch */ = {isa = PBXFileReference; lastKnownFileType = sourcecode.c.h; path = "MarveliOS-Prefix.pch"; sourceTree = "<group>"; };
		B596E9C0190BBDB5006619D6 /* MV_AppDelegate.h */ = {isa = PBXFileReference; lastKnownFileType = sourcecode.c.h; path = MV_AppDelegate.h; sourceTree = "<group>"; };
		B596E9C1190BBDB5006619D6 /* MV_AppDelegate.m */ = {isa = PBXFileReference; lastKnownFileType = sourcecode.c.objc; path = MV_AppDelegate.m; sourceTree = "<group>"; };
		B596E9C3190BBDB5006619D6 /* Images.xcassets */ = {isa = PBXFileReference; lastKnownFileType = folder.assetcatalog; path = Images.xcassets; sourceTree = "<group>"; };
		B596E9C9190BBDB5006619D6 /* MarveliOSTests.xctest */ = {isa = PBXFileReference; explicitFileType = wrapper.cfbundle; includeInIndex = 0; path = MarveliOSTests.xctest; sourceTree = BUILT_PRODUCTS_DIR; };
		B596E9CA190BBDB5006619D6 /* XCTest.framework */ = {isa = PBXFileReference; lastKnownFileType = wrapper.framework; name = XCTest.framework; path = Library/Frameworks/XCTest.framework; sourceTree = DEVELOPER_DIR; };
		B596E9D2190BBDB5006619D6 /* MarveliOSTests-Info.plist */ = {isa = PBXFileReference; lastKnownFileType = text.plist.xml; path = "MarveliOSTests-Info.plist"; sourceTree = "<group>"; };
		B596E9D4190BBDB5006619D6 /* en */ = {isa = PBXFileReference; lastKnownFileType = text.plist.strings; name = en; path = en.lproj/InfoPlist.strings; sourceTree = "<group>"; };
		B596E9D6190BBDB5006619D6 /* MarveliOSTests.m */ = {isa = PBXFileReference; lastKnownFileType = sourcecode.c.objc; path = MarveliOSTests.m; sourceTree = "<group>"; };
		B596E9E0190BBE07006619D6 /* MV_DownloadManager.h */ = {isa = PBXFileReference; fileEncoding = 4; lastKnownFileType = sourcecode.c.h; name = MV_DownloadManager.h; path = MarveliOS/Core/MV_DownloadManager.h; sourceTree = "<group>"; };
		B596E9E1190BBE07006619D6 /* MV_DownloadManager.m */ = {isa = PBXFileReference; fileEncoding = 4; lastKnownFileType = sourcecode.c.objc; name = MV_DownloadManager.m; path = MarveliOS/Core/MV_DownloadManager.m; sourceTree = "<group>"; };
		B596E9E4190BBEED006619D6 /* MV_Utilities.h */ = {isa = PBXFileReference; fileEncoding = 4; lastKnownFileType = sourcecode.c.h; name = MV_Utilities.h; path = MarveliOS/Core/MV_Utilities.h; sourceTree = "<group>"; };
		B596E9E5190BDA5D006619D6 /* MV_Utilities.m */ = {isa = PBXFileReference; fileEncoding = 4; lastKnownFileType = sourcecode.c.objc; name = MV_Utilities.m; path = MarveliOS/Core/MV_Utilities.m; sourceTree = "<group>"; };
		B5A8C27E190BF19A009EAA89 /* MV_ServerQuery.h */ = {isa = PBXFileReference; fileEncoding = 4; lastKnownFileType = sourcecode.c.h; name = MV_ServerQuery.h; path = MarveliOS/Core/MV_ServerQuery.h; sourceTree = "<group>"; };
		B5A8C27F190BF19A009EAA89 /* MV_ServerQuery.m */ = {isa = PBXFileReference; fileEncoding = 4; lastKnownFileType = sourcecode.c.objc; name = MV_ServerQuery.m; path = MarveliOS/Core/MV_ServerQuery.m; sourceTree = "<group>"; };
		B5A8C281190BF1FB009EAA89 /* MV_MarveliOS.h */ = {isa = PBXFileReference; fileEncoding = 4; lastKnownFileType = sourcecode.c.h; name = MV_MarveliOS.h; path = MarveliOS/Core/MV_MarveliOS.h; sourceTree = "<group>"; };
		B5A8C282190C14EB009EAA89 /* MV_ServerQuery+FrequentQueries.h */ = {isa = PBXFileReference; fileEncoding = 4; lastKnownFileType = sourcecode.c.h; name = "MV_ServerQuery+FrequentQueries.h"; path = "MarveliOS/Core/MV_ServerQuery+FrequentQueries.h"; sourceTree = "<group>"; };
		B5A8C283190C14EB009EAA89 /* MV_ServerQuery+FrequentQueries.m */ = {isa = PBXFileReference; fileEncoding = 4; lastKnownFileType = sourcecode.c.objc; name = "MV_ServerQuery+FrequentQueries.m"; path = "MarveliOS/Core/MV_ServerQuery+FrequentQueries.m"; sourceTree = "<group>"; };
/* End PBXFileReference section */

/* Begin PBXFrameworksBuildPhase section */
		B596E9AB190BBDB5006619D6 /* Frameworks */ = {
			isa = PBXFrameworksBuildPhase;
			buildActionMask = 2147483647;
			files = (
				B548C268190C834300E2427A /* CoreData.framework in Frameworks */,
				B596E9B4190BBDB5006619D6 /* CoreGraphics.framework in Frameworks */,
				B596E9B6190BBDB5006619D6 /* UIKit.framework in Frameworks */,
				B596E9B2190BBDB5006619D6 /* Foundation.framework in Frameworks */,
			);
			runOnlyForDeploymentPostprocessing = 0;
		};
		B596E9C6190BBDB5006619D6 /* Frameworks */ = {
			isa = PBXFrameworksBuildPhase;
			buildActionMask = 2147483647;
			files = (
				B596E9CB190BBDB5006619D6 /* XCTest.framework in Frameworks */,
				B596E9CD190BBDB5006619D6 /* UIKit.framework in Frameworks */,
				B596E9CC190BBDB5006619D6 /* Foundation.framework in Frameworks */,
			);
			runOnlyForDeploymentPostprocessing = 0;
		};
/* End PBXFrameworksBuildPhase section */

/* Begin PBXGroup section */
		B548C220190C7FD700E2427A /* Model */ = {
			isa = PBXGroup;
			children = (
				B548C221190C7FD700E2427A /* machine */,
				B548C236190C7FD700E2427A /* MarveliOS.xcdatamodeld */,
				B548C264190C805800E2427A /* MV_Store.h */,
				B548C265190C805800E2427A /* MV_Store.m */,
				B548C246190C7FD700E2427A /* MVM_Object.h */,
				B548C247190C7FD700E2427A /* MVM_Object.m */,
				B548C238190C7FD700E2427A /* MVM_Character.h */,
				B548C239190C7FD700E2427A /* MVM_Character.m */,
				B548C23A190C7FD700E2427A /* MVM_Comic.h */,
				B548C23B190C7FD700E2427A /* MVM_Comic.m */,
				B548C23C190C7FD700E2427A /* MVM_ComicPrice.h */,
				B548C23D190C7FD700E2427A /* MVM_ComicPrice.m */,
				B548C23E190C7FD700E2427A /* MVM_ComicText.h */,
				B548C23F190C7FD700E2427A /* MVM_ComicText.m */,
				B548C240190C7FD700E2427A /* MVM_Creator.h */,
				B548C241190C7FD700E2427A /* MVM_Creator.m */,
				B548C242190C7FD700E2427A /* MVM_Event.h */,
				B548C243190C7FD700E2427A /* MVM_Event.m */,
				B548C244190C7FD700E2427A /* MVM_Image.h */,
				B548C245190C7FD700E2427A /* MVM_Image.m */,
				B548C248190C7FD700E2427A /* MVM_Series.h */,
				B548C249190C7FD700E2427A /* MVM_Series.m */,
				B548C24A190C7FD700E2427A /* MVM_Story.h */,
				B548C24B190C7FD700E2427A /* MVM_Story.m */,
				B548C24C190C7FD700E2427A /* MVM_URL.h */,
				B548C24D190C7FD700E2427A /* MVM_URL.m */,
			);
			name = Model;
			path = MarveliOS/Core/Model;
			sourceTree = "<group>";
		};
		B548C221190C7FD700E2427A /* machine */ = {
			isa = PBXGroup;
			children = (
				B548C222190C7FD700E2427A /* _MVM_Character.h */,
				B548C223190C7FD700E2427A /* _MVM_Character.m */,
				B548C224190C7FD700E2427A /* _MVM_Comic.h */,
				B548C225190C7FD700E2427A /* _MVM_Comic.m */,
				B548C226190C7FD700E2427A /* _MVM_ComicPrice.h */,
				B548C227190C7FD700E2427A /* _MVM_ComicPrice.m */,
				B548C228190C7FD700E2427A /* _MVM_ComicText.h */,
				B548C229190C7FD700E2427A /* _MVM_ComicText.m */,
				B548C22A190C7FD700E2427A /* _MVM_Creator.h */,
				B548C22B190C7FD700E2427A /* _MVM_Creator.m */,
				B548C22C190C7FD700E2427A /* _MVM_Event.h */,
				B548C22D190C7FD700E2427A /* _MVM_Event.m */,
				B548C22E190C7FD700E2427A /* _MVM_Image.h */,
				B548C22F190C7FD700E2427A /* _MVM_Image.m */,
				B548C230190C7FD700E2427A /* _MVM_Series.h */,
				B548C231190C7FD700E2427A /* _MVM_Series.m */,
				B548C232190C7FD700E2427A /* _MVM_Story.h */,
				B548C233190C7FD700E2427A /* _MVM_Story.m */,
				B548C234190C7FD700E2427A /* _MVM_URL.h */,
				B548C235190C7FD700E2427A /* _MVM_URL.m */,
			);
			path = machine;
			sourceTree = "<group>";
		};
		B596E9A5190BBDB5006619D6 = {
			isa = PBXGroup;
			children = (
				B596E9E3190BBE10006619D6 /* Core */,
				B596E9B7190BBDB5006619D6 /* MarveliOS */,
				B596E9D0190BBDB5006619D6 /* MarveliOSTests */,
				B596E9B0190BBDB5006619D6 /* Frameworks */,
				B596E9AF190BBDB5006619D6 /* Products */,
			);
			sourceTree = "<group>";
		};
		B596E9AF190BBDB5006619D6 /* Products */ = {
			isa = PBXGroup;
			children = (
				B596E9AE190BBDB5006619D6 /* MarveliOS.app */,
				B596E9C9190BBDB5006619D6 /* MarveliOSTests.xctest */,
			);
			name = Products;
			sourceTree = "<group>";
		};
		B596E9B0190BBDB5006619D6 /* Frameworks */ = {
			isa = PBXGroup;
			children = (
				B548C267190C834300E2427A /* CoreData.framework */,
				B596E9B1190BBDB5006619D6 /* Foundation.framework */,
				B596E9B3190BBDB5006619D6 /* CoreGraphics.framework */,
				B596E9B5190BBDB5006619D6 /* UIKit.framework */,
				B596E9CA190BBDB5006619D6 /* XCTest.framework */,
			);
			name = Frameworks;
			sourceTree = "<group>";
		};
		B596E9B7190BBDB5006619D6 /* MarveliOS */ = {
			isa = PBXGroup;
			children = (
				B596E9C0190BBDB5006619D6 /* MV_AppDelegate.h */,
				B596E9C1190BBDB5006619D6 /* MV_AppDelegate.m */,
				B596E9C3190BBDB5006619D6 /* Images.xcassets */,
				B596E9B8190BBDB5006619D6 /* Supporting Files */,
			);
			path = MarveliOS;
			sourceTree = "<group>";
		};
		B596E9B8190BBDB5006619D6 /* Supporting Files */ = {
			isa = PBXGroup;
			children = (
				B596E9B9190BBDB5006619D6 /* MarveliOS-Info.plist */,
				B596E9BA190BBDB5006619D6 /* InfoPlist.strings */,
				B596E9BD190BBDB5006619D6 /* main.m */,
				B596E9BF190BBDB5006619D6 /* MarveliOS-Prefix.pch */,
			);
			name = "Supporting Files";
			sourceTree = "<group>";
		};
		B596E9D0190BBDB5006619D6 /* MarveliOSTests */ = {
			isa = PBXGroup;
			children = (
				B596E9D6190BBDB5006619D6 /* MarveliOSTests.m */,
				B596E9D1190BBDB5006619D6 /* Supporting Files */,
			);
			path = MarveliOSTests;
			sourceTree = "<group>";
		};
		B596E9D1190BBDB5006619D6 /* Supporting Files */ = {
			isa = PBXGroup;
			children = (
				B596E9D2190BBDB5006619D6 /* MarveliOSTests-Info.plist */,
				B596E9D3190BBDB5006619D6 /* InfoPlist.strings */,
			);
			name = "Supporting Files";
			sourceTree = "<group>";
		};
		B596E9E3190BBE10006619D6 /* Core */ = {
			isa = PBXGroup;
			children = (
				B5A8C281190BF1FB009EAA89 /* MV_MarveliOS.h */,
				B596E9E4190BBEED006619D6 /* MV_Utilities.h */,
				B596E9E5190BDA5D006619D6 /* MV_Utilities.m */,
				B596E9E0190BBE07006619D6 /* MV_DownloadManager.h */,
				B596E9E1190BBE07006619D6 /* MV_DownloadManager.m */,
				B5A8C27E190BF19A009EAA89 /* MV_ServerQuery.h */,
				B5A8C27F190BF19A009EAA89 /* MV_ServerQuery.m */,
				B5A8C282190C14EB009EAA89 /* MV_ServerQuery+FrequentQueries.h */,
				B5A8C283190C14EB009EAA89 /* MV_ServerQuery+FrequentQueries.m */,
				B548C269190C8BA600E2427A /* NSManagedObjectContext+MV_.h */,
				B548C26A190C8BA600E2427A /* NSManagedObjectContext+MV_.m */,
				B548C220190C7FD700E2427A /* Model */,
			);
			name = Core;
			sourceTree = "<group>";
		};
/* End PBXGroup section */

/* Begin PBXNativeTarget section */
		B596E9AD190BBDB5006619D6 /* MarveliOS */ = {
			isa = PBXNativeTarget;
			buildConfigurationList = B596E9DA190BBDB5006619D6 /* Build configuration list for PBXNativeTarget "MarveliOS" */;
			buildPhases = (
				B596E9AA190BBDB5006619D6 /* Sources */,
				B596E9AB190BBDB5006619D6 /* Frameworks */,
				B596E9AC190BBDB5006619D6 /* Resources */,
			);
			buildRules = (
			);
			dependencies = (
			);
			name = MarveliOS;
			productName = MarveliOS;
			productReference = B596E9AE190BBDB5006619D6 /* MarveliOS.app */;
			productType = "com.apple.product-type.application";
		};
		B596E9C8190BBDB5006619D6 /* MarveliOSTests */ = {
			isa = PBXNativeTarget;
			buildConfigurationList = B596E9DD190BBDB5006619D6 /* Build configuration list for PBXNativeTarget "MarveliOSTests" */;
			buildPhases = (
				B596E9C5190BBDB5006619D6 /* Sources */,
				B596E9C6190BBDB5006619D6 /* Frameworks */,
				B596E9C7190BBDB5006619D6 /* Resources */,
			);
			buildRules = (
			);
			dependencies = (
				B596E9CF190BBDB5006619D6 /* PBXTargetDependency */,
			);
			name = MarveliOSTests;
			productName = MarveliOSTests;
			productReference = B596E9C9190BBDB5006619D6 /* MarveliOSTests.xctest */;
			productType = "com.apple.product-type.bundle.unit-test";
		};
/* End PBXNativeTarget section */

/* Begin PBXProject section */
		B596E9A6190BBDB5006619D6 /* Project object */ = {
			isa = PBXProject;
			attributes = {
				CLASSPREFIX = MV_;
				LastUpgradeCheck = 0510;
				ORGANIZATIONNAME = "Stand Alone, Inc.";
				TargetAttributes = {
					B596E9C8190BBDB5006619D6 = {
						TestTargetID = B596E9AD190BBDB5006619D6;
					};
				};
			};
			buildConfigurationList = B596E9A9190BBDB5006619D6 /* Build configuration list for PBXProject "MarveliOS" */;
			compatibilityVersion = "Xcode 3.2";
			developmentRegion = English;
			hasScannedForEncodings = 0;
			knownRegions = (
				en,
			);
			mainGroup = B596E9A5190BBDB5006619D6;
			productRefGroup = B596E9AF190BBDB5006619D6 /* Products */;
			projectDirPath = "";
			projectRoot = "";
			targets = (
				B596E9AD190BBDB5006619D6 /* MarveliOS */,
				B596E9C8190BBDB5006619D6 /* MarveliOSTests */,
			);
		};
/* End PBXProject section */

/* Begin PBXResourcesBuildPhase section */
		B596E9AC190BBDB5006619D6 /* Resources */ = {
			isa = PBXResourcesBuildPhase;
			buildActionMask = 2147483647;
			files = (
				B596E9BC190BBDB5006619D6 /* InfoPlist.strings in Resources */,
				B596E9C4190BBDB5006619D6 /* Images.xcassets in Resources */,
			);
			runOnlyForDeploymentPostprocessing = 0;
		};
		B596E9C7190BBDB5006619D6 /* Resources */ = {
			isa = PBXResourcesBuildPhase;
			buildActionMask = 2147483647;
			files = (
				B596E9D5190BBDB5006619D6 /* InfoPlist.strings in Resources */,
			);
			runOnlyForDeploymentPostprocessing = 0;
		};
/* End PBXResourcesBuildPhase section */

/* Begin PBXSourcesBuildPhase section */
		B596E9AA190BBDB5006619D6 /* Sources */ = {
			isa = PBXSourcesBuildPhase;
			buildActionMask = 2147483647;
			files = (
				B548C266190C805800E2427A /* MV_Store.m in Sources */,
				B5A8C284190C14EB009EAA89 /* MV_ServerQuery+FrequentQueries.m in Sources */,
				B5A8C280190BF19A009EAA89 /* MV_ServerQuery.m in Sources */,
				B548C24F190C7FD700E2427A /* _MVM_Comic.m in Sources */,
				B548C25C190C7FD700E2427A /* MVM_ComicText.m in Sources */,
				B548C25B190C7FD700E2427A /* MVM_ComicPrice.m in Sources */,
				B548C25F190C7FD700E2427A /* MVM_Image.m in Sources */,
				B548C251190C7FD700E2427A /* _MVM_ComicText.m in Sources */,
				B548C257190C7FD700E2427A /* _MVM_URL.m in Sources */,
				B596E9E2190BBE07006619D6 /* MV_DownloadManager.m in Sources */,
				B548C25D190C7FD700E2427A /* MVM_Creator.m in Sources */,
				B548C262190C7FD700E2427A /* MVM_Story.m in Sources */,
				B596E9BE190BBDB5006619D6 /* main.m in Sources */,
				B548C256190C7FD700E2427A /* _MVM_Story.m in Sources */,
				B596E9C2190BBDB5006619D6 /* MV_AppDelegate.m in Sources */,
				B548C253190C7FD700E2427A /* _MVM_Event.m in Sources */,
				B596E9E6190BDA5D006619D6 /* MV_Utilities.m in Sources */,
				B548C24E190C7FD700E2427A /* _MVM_Character.m in Sources */,
				B548C25E190C7FD700E2427A /* MVM_Event.m in Sources */,
				B548C261190C7FD700E2427A /* MVM_Series.m in Sources */,
				B548C260190C7FD700E2427A /* MVM_Object.m in Sources */,
				B548C258190C7FD700E2427A /* MarveliOS.xcdatamodeld in Sources */,
				B548C250190C7FD700E2427A /* _MVM_ComicPrice.m in Sources */,
				B548C255190C7FD700E2427A /* _MVM_Series.m in Sources */,
				B548C263190C7FD700E2427A /* MVM_URL.m in Sources */,
				B548C26B190C8BA600E2427A /* NSManagedObjectContext+MV_.m in Sources */,
				B548C25A190C7FD700E2427A /* MVM_Comic.m in Sources */,
				B548C254190C7FD700E2427A /* _MVM_Image.m in Sources */,
				B548C259190C7FD700E2427A /* MVM_Character.m in Sources */,
				B548C252190C7FD700E2427A /* _MVM_Creator.m in Sources */,
			);
			runOnlyForDeploymentPostprocessing = 0;
		};
		B596E9C5190BBDB5006619D6 /* Sources */ = {
			isa = PBXSourcesBuildPhase;
			buildActionMask = 2147483647;
			files = (
				B596E9D7190BBDB5006619D6 /* MarveliOSTests.m in Sources */,
			);
			runOnlyForDeploymentPostprocessing = 0;
		};
/* End PBXSourcesBuildPhase section */

/* Begin PBXTargetDependency section */
		B596E9CF190BBDB5006619D6 /* PBXTargetDependency */ = {
			isa = PBXTargetDependency;
			target = B596E9AD190BBDB5006619D6 /* MarveliOS */;
			targetProxy = B596E9CE190BBDB5006619D6 /* PBXContainerItemProxy */;
		};
/* End PBXTargetDependency section */

/* Begin PBXVariantGroup section */
		B596E9BA190BBDB5006619D6 /* InfoPlist.strings */ = {
			isa = PBXVariantGroup;
			children = (
				B596E9BB190BBDB5006619D6 /* en */,
			);
			name = InfoPlist.strings;
			sourceTree = "<group>";
		};
		B596E9D3190BBDB5006619D6 /* InfoPlist.strings */ = {
			isa = PBXVariantGroup;
			children = (
				B596E9D4190BBDB5006619D6 /* en */,
			);
			name = InfoPlist.strings;
			sourceTree = "<group>";
		};
/* End PBXVariantGroup section */

/* Begin XCBuildConfiguration section */
		B596E9D8190BBDB5006619D6 /* Debug */ = {
			isa = XCBuildConfiguration;
			buildSettings = {
				ALWAYS_SEARCH_USER_PATHS = NO;
				CLANG_CXX_LANGUAGE_STANDARD = "gnu++0x";
				CLANG_CXX_LIBRARY = "libc++";
				CLANG_ENABLE_MODULES = YES;
				CLANG_ENABLE_OBJC_ARC = YES;
				CLANG_WARN_BOOL_CONVERSION = YES;
				CLANG_WARN_CONSTANT_CONVERSION = YES;
				CLANG_WARN_DIRECT_OBJC_ISA_USAGE = YES_ERROR;
				CLANG_WARN_EMPTY_BODY = YES;
				CLANG_WARN_ENUM_CONVERSION = YES;
				CLANG_WARN_INT_CONVERSION = YES;
				CLANG_WARN_OBJC_ROOT_CLASS = YES_ERROR;
				CLANG_WARN__DUPLICATE_METHOD_MATCH = YES;
				"CODE_SIGN_IDENTITY[sdk=iphoneos*]" = "iPhone Developer";
				COPY_PHASE_STRIP = NO;
				GCC_C_LANGUAGE_STANDARD = gnu99;
				GCC_DYNAMIC_NO_PIC = NO;
				GCC_OPTIMIZATION_LEVEL = 0;
				GCC_PREPROCESSOR_DEFINITIONS = (
					"DEBUG=1",
					"$(inherited)",
				);
				GCC_SYMBOLS_PRIVATE_EXTERN = NO;
				GCC_WARN_64_TO_32_BIT_CONVERSION = YES;
				GCC_WARN_ABOUT_RETURN_TYPE = YES_ERROR;
				GCC_WARN_UNDECLARED_SELECTOR = YES;
				GCC_WARN_UNINITIALIZED_AUTOS = YES_AGGRESSIVE;
				GCC_WARN_UNUSED_FUNCTION = YES;
				GCC_WARN_UNUSED_VARIABLE = YES;
				IPHONEOS_DEPLOYMENT_TARGET = 7.1;
				ONLY_ACTIVE_ARCH = YES;
				SDKROOT = iphoneos;
				TARGETED_DEVICE_FAMILY = "1,2";
			};
			name = Debug;
		};
		B596E9D9190BBDB5006619D6 /* Release */ = {
			isa = XCBuildConfiguration;
			buildSettings = {
				ALWAYS_SEARCH_USER_PATHS = NO;
				CLANG_CXX_LANGUAGE_STANDARD = "gnu++0x";
				CLANG_CXX_LIBRARY = "libc++";
				CLANG_ENABLE_MODULES = YES;
				CLANG_ENABLE_OBJC_ARC = YES;
				CLANG_WARN_BOOL_CONVERSION = YES;
				CLANG_WARN_CONSTANT_CONVERSION = YES;
				CLANG_WARN_DIRECT_OBJC_ISA_USAGE = YES_ERROR;
				CLANG_WARN_EMPTY_BODY = YES;
				CLANG_WARN_ENUM_CONVERSION = YES;
				CLANG_WARN_INT_CONVERSION = YES;
				CLANG_WARN_OBJC_ROOT_CLASS = YES_ERROR;
				CLANG_WARN__DUPLICATE_METHOD_MATCH = YES;
				"CODE_SIGN_IDENTITY[sdk=iphoneos*]" = "iPhone Developer";
				COPY_PHASE_STRIP = YES;
				ENABLE_NS_ASSERTIONS = NO;
				GCC_C_LANGUAGE_STANDARD = gnu99;
				GCC_WARN_64_TO_32_BIT_CONVERSION = YES;
				GCC_WARN_ABOUT_RETURN_TYPE = YES_ERROR;
				GCC_WARN_UNDECLARED_SELECTOR = YES;
				GCC_WARN_UNINITIALIZED_AUTOS = YES_AGGRESSIVE;
				GCC_WARN_UNUSED_FUNCTION = YES;
				GCC_WARN_UNUSED_VARIABLE = YES;
				IPHONEOS_DEPLOYMENT_TARGET = 7.1;
				SDKROOT = iphoneos;
				TARGETED_DEVICE_FAMILY = "1,2";
				VALIDATE_PRODUCT = YES;
			};
			name = Release;
		};
		B596E9DB190BBDB5006619D6 /* Debug */ = {
			isa = XCBuildConfiguration;
			buildSettings = {
				ASSETCATALOG_COMPILER_APPICON_NAME = AppIcon;
				ASSETCATALOG_COMPILER_LAUNCHIMAGE_NAME = LaunchImage;
				GCC_PRECOMPILE_PREFIX_HEADER = YES;
				GCC_PREFIX_HEADER = "MarveliOS/MarveliOS-Prefix.pch";
				INFOPLIST_FILE = "MarveliOS/MarveliOS-Info.plist";
				PRODUCT_NAME = "$(TARGET_NAME)";
				WRAPPER_EXTENSION = app;
			};
			name = Debug;
		};
		B596E9DC190BBDB5006619D6 /* Release */ = {
			isa = XCBuildConfiguration;
			buildSettings = {
				ASSETCATALOG_COMPILER_APPICON_NAME = AppIcon;
				ASSETCATALOG_COMPILER_LAUNCHIMAGE_NAME = LaunchImage;
				GCC_PRECOMPILE_PREFIX_HEADER = YES;
				GCC_PREFIX_HEADER = "MarveliOS/MarveliOS-Prefix.pch";
				INFOPLIST_FILE = "MarveliOS/MarveliOS-Info.plist";
				PRODUCT_NAME = "$(TARGET_NAME)";
				WRAPPER_EXTENSION = app;
			};
			name = Release;
		};
		B596E9DE190BBDB5006619D6 /* Debug */ = {
			isa = XCBuildConfiguration;
			buildSettings = {
				BUNDLE_LOADER = "$(BUILT_PRODUCTS_DIR)/MarveliOS.app/MarveliOS";
				FRAMEWORK_SEARCH_PATHS = (
					"$(SDKROOT)/Developer/Library/Frameworks",
					"$(inherited)",
					"$(DEVELOPER_FRAMEWORKS_DIR)",
				);
				GCC_PRECOMPILE_PREFIX_HEADER = YES;
				GCC_PREFIX_HEADER = "MarveliOS/MarveliOS-Prefix.pch";
				GCC_PREPROCESSOR_DEFINITIONS = (
					"DEBUG=1",
					"$(inherited)",
				);
				INFOPLIST_FILE = "MarveliOSTests/MarveliOSTests-Info.plist";
				PRODUCT_NAME = "$(TARGET_NAME)";
				TEST_HOST = "$(BUNDLE_LOADER)";
				WRAPPER_EXTENSION = xctest;
			};
			name = Debug;
		};
		B596E9DF190BBDB5006619D6 /* Release */ = {
			isa = XCBuildConfiguration;
			buildSettings = {
				BUNDLE_LOADER = "$(BUILT_PRODUCTS_DIR)/MarveliOS.app/MarveliOS";
				FRAMEWORK_SEARCH_PATHS = (
					"$(SDKROOT)/Developer/Library/Frameworks",
					"$(inherited)",
					"$(DEVELOPER_FRAMEWORKS_DIR)",
				);
				GCC_PRECOMPILE_PREFIX_HEADER = YES;
				GCC_PREFIX_HEADER = "MarveliOS/MarveliOS-Prefix.pch";
				INFOPLIST_FILE = "MarveliOSTests/MarveliOSTests-Info.plist";
				PRODUCT_NAME = "$(TARGET_NAME)";
				TEST_HOST = "$(BUNDLE_LOADER)";
				WRAPPER_EXTENSION = xctest;
			};
			name = Release;
		};
/* End XCBuildConfiguration section */

/* Begin XCConfigurationList section */
		B596E9A9190BBDB5006619D6 /* Build configuration list for PBXProject "MarveliOS" */ = {
			isa = XCConfigurationList;
			buildConfigurations = (
				B596E9D8190BBDB5006619D6 /* Debug */,
				B596E9D9190BBDB5006619D6 /* Release */,
			);
			defaultConfigurationIsVisible = 0;
			defaultConfigurationName = Release;
		};
		B596E9DA190BBDB5006619D6 /* Build configuration list for PBXNativeTarget "MarveliOS" */ = {
			isa = XCConfigurationList;
			buildConfigurations = (
				B596E9DB190BBDB5006619D6 /* Debug */,
				B596E9DC190BBDB5006619D6 /* Release */,
			);
			defaultConfigurationIsVisible = 0;
			defaultConfigurationName = Release;
		};
		B596E9DD190BBDB5006619D6 /* Build configuration list for PBXNativeTarget "MarveliOSTests" */ = {
			isa = XCConfigurationList;
			buildConfigurations = (
				B596E9DE190BBDB5006619D6 /* Debug */,
				B596E9DF190BBDB5006619D6 /* Release */,
			);
			defaultConfigurationIsVisible = 0;
			defaultConfigurationName = Release;
		};
/* End XCConfigurationList section */

/* Begin XCVersionGroup section */
		B548C236190C7FD700E2427A /* MarveliOS.xcdatamodeld */ = {
			isa = XCVersionGroup;
			children = (
				B548C237190C7FD700E2427A /* MarveliOS.xcdatamodel */,
			);
			currentVersion = B548C237190C7FD700E2427A /* MarveliOS.xcdatamodel */;
			path = MarveliOS.xcdatamodeld;
			sourceTree = "<group>";
			versionGroupType = wrapper.xcdatamodel;
		};
/* End XCVersionGroup section */
	};
	rootObject = B596E9A6190BBDB5006619D6 /* Project object */;
}
